<?xml version="1.0" encoding="utf-8"?>
<Project ToolsVersion="4.0" xmlns="http://schemas.microsoft.com/developer/msbuild/2003">
  <ItemGroup>
    <Filter Include="소스 파일">
      <UniqueIdentifier>{4FC737F1-C7A5-4376-A066-2A32D752A2FF}</UniqueIdentifier>
      <Extensions>cpp;c;cc;cxx;c++;cppm;ixx;def;odl;idl;hpj;bat;asm;asmx</Extensions>
    </Filter>
    <Filter Include="리소스 파일">
      <UniqueIdentifier>{67DA6AB6-F800-4c08-8B7A-83BB121AAD01}</UniqueIdentifier>
      <Extensions>rc;ico;cur;bmp;dlg;rc2;rct;bin;rgs;gif;jpg;jpeg;jpe;resx;tiff;tif;png;wav;mfcribbon-ms</Extensions>
    </Filter>
    <Filter Include="Lock">
      <UniqueIdentifier>{26bd9cdc-d9e5-4f5d-92c9-3b85b2d9969e}</UniqueIdentifier>
    </Filter>
    <Filter Include="Types">
      <UniqueIdentifier>{f81e0c26-45ff-43ae-9c1f-d9f48668ada1}</UniqueIdentifier>
    </Filter>
    <Filter Include="Macro">
      <UniqueIdentifier>{9741e878-6a3f-4169-869a-2254856bdf72}</UniqueIdentifier>
    </Filter>
    <Filter Include="TLS">
      <UniqueIdentifier>{32bf608f-dd87-4e77-90fe-91bd22af31d8}</UniqueIdentifier>
    </Filter>
  </ItemGroup>
  <ItemGroup>
    <ClCompile Include="ReadWriteLock.cpp">
      <Filter>Lock</Filter>
    </ClCompile>
    <ClCompile Include="ReadLockGuard.cpp">
      <Filter>Lock</Filter>
    </ClCompile>
    <ClCompile Include="WriteLockGuard.cpp">
      <Filter>Lock</Filter>
    </ClCompile>
    <ClCompile Include="TLS.cpp">
      <Filter>TLS</Filter>
    </ClCompile>
  </ItemGroup>
  <ItemGroup>
    <ClInclude Include="ReadWriteLock.h">
      <Filter>Lock</Filter>
    </ClInclude>
    <ClInclude Include="Types.h">
      <Filter>Types</Filter>
    </ClInclude>
    <ClInclude Include="Macro.h">
      <Filter>Macro</Filter>
    </ClInclude>
    <ClInclude Include="ReadLockGuard.h">
      <Filter>Lock</Filter>
    </ClInclude>
    <ClInclude Include="WriteLockGuard.h">
      <Filter>Lock</Filter>
    </ClInclude>
    <ClInclude Include="TLS.h">
      <Filter>TLS</Filter>
    </ClInclude>
  </ItemGroup>
</Project>